
Microsoft Visual Studio Solution File, Format Version 12.00
# Visual Studio Version 17
VisualStudioVersion = 17.3.32929.385
MinimumVisualStudioVersion = 10.0.40219.1
Project("{FAE04EC0-301F-11D3-BF4B-00C04F79EFBC}") = "EFMovieDatabaseLab", "EFMovieDatabaseLab\EFMovieDatabaseLab.csproj", "{8F6B0785-613A-4D3A-B378-019A6CFCD225}"
EndProject
Global
	GlobalSection(SolutionConfigurationPlatforms) = preSolution
		Debug|Any CPU = Debug|Any CPU
		Release|Any CPU = Release|Any CPU
	EndGlobalSection
	GlobalSection(ProjectConfigurationPlatforms) = postSolution
		{8F6B0785-613A-4D3A-B378-019A6CFCD225}.Debug|Any CPU.ActiveCfg = Debug|Any CPU
		{8F6B0785-613A-4D3A-B378-019A6CFCD225}.Debug|Any CPU.Build.0 = Debug|Any CPU
		{8F6B0785-613A-4D3A-B378-019A6CFCD225}.Release|Any CPU.ActiveCfg = Release|Any CPU
		{8F6B0785-613A-4D3A-B378-019A6CFCD225}.Release|Any CPU.Build.0 = Release|Any CPU
	EndGlobalSection
	GlobalSection(SolutionProperties) = preSolution
		HideSolutionNode = FALSE
	EndGlobalSection
	GlobalSection(ExtensibilityGlobals) = postSolution
		SolutionGuid = {9118AD82-14DE-473E-B5F5-9A622B99ACD2}
	EndGlobalSection
EndGlobal
